// !$*UTF8*$!
{
	archiveVersion = 1;
	classes = {
	};
	objectVersion = 46;
	objects = {

/* Begin PBXBuildFile section */
		B9117A921900D78100102D5B /* SelectAccountViewController.m in Sources */ = {isa = PBXBuildFile; fileRef = B9117A911900D78100102D5B /* SelectAccountViewController.m */; };
		B9117A951900D79500102D5B /* AddAccountViewController.m in Sources */ = {isa = PBXBuildFile; fileRef = B9117A941900D79500102D5B /* AddAccountViewController.m */; };
		B9117A971901253C00102D5B /* new.png in Resources */ = {isa = PBXBuildFile; fileRef = B9117A961901253C00102D5B /* new.png */; };
		B995062618FE28C30089B007 /* right.png in Resources */ = {isa = PBXBuildFile; fileRef = B995062518FE28C30089B007 /* right.png */; };
		B995062918FE2FBF0089B007 /* UseMethodViewController.m in Sources */ = {isa = PBXBuildFile; fileRef = B995062818FE2FBF0089B007 /* UseMethodViewController.m */; };
		B995063518FE729C0089B007 /* TimelineInfo.m in Sources */ = {isa = PBXBuildFile; fileRef = B995063418FE729C0089B007 /* TimelineInfo.m */; };
		B995063818FE72D50089B007 /* TCDataManager.m in Sources */ = {isa = PBXBuildFile; fileRef = B995063718FE72D50089B007 /* TCDataManager.m */; };
		B9BF950D18FCE63000908B08 /* Foundation.framework in Frameworks */ = {isa = PBXBuildFile; fileRef = B9BF950C18FCE63000908B08 /* Foundation.framework */; };
		B9BF950F18FCE63000908B08 /* CoreGraphics.framework in Frameworks */ = {isa = PBXBuildFile; fileRef = B9BF950E18FCE63000908B08 /* CoreGraphics.framework */; };
		B9BF951118FCE63000908B08 /* UIKit.framework in Frameworks */ = {isa = PBXBuildFile; fileRef = B9BF951018FCE63000908B08 /* UIKit.framework */; };
		B9BF951718FCE63000908B08 /* InfoPlist.strings in Resources */ = {isa = PBXBuildFile; fileRef = B9BF951518FCE63000908B08 /* InfoPlist.strings */; };
		B9BF951918FCE63000908B08 /* main.m in Sources */ = {isa = PBXBuildFile; fileRef = B9BF951818FCE63000908B08 /* main.m */; };
		B9BF951D18FCE63000908B08 /* AppDelegate.m in Sources */ = {isa = PBXBuildFile; fileRef = B9BF951C18FCE63000908B08 /* AppDelegate.m */; };
		B9BF952018FCE63000908B08 /* Main.storyboard in Resources */ = {isa = PBXBuildFile; fileRef = B9BF951E18FCE63000908B08 /* Main.storyboard */; };
		B9BF952518FCE63000908B08 /* Images.xcassets in Resources */ = {isa = PBXBuildFile; fileRef = B9BF952418FCE63000908B08 /* Images.xcassets */; };
		B9BF952C18FCE63000908B08 /* XCTest.framework in Frameworks */ = {isa = PBXBuildFile; fileRef = B9BF952B18FCE63000908B08 /* XCTest.framework */; };
		B9BF952D18FCE63000908B08 /* Foundation.framework in Frameworks */ = {isa = PBXBuildFile; fileRef = B9BF950C18FCE63000908B08 /* Foundation.framework */; };
		B9BF952E18FCE63000908B08 /* UIKit.framework in Frameworks */ = {isa = PBXBuildFile; fileRef = B9BF951018FCE63000908B08 /* UIKit.framework */; };
		B9BF953618FCE63000908B08 /* InfoPlist.strings in Resources */ = {isa = PBXBuildFile; fileRef = B9BF953418FCE63000908B08 /* InfoPlist.strings */; };
		B9BF953818FCE63000908B08 /* TwitterContributeTests.m in Sources */ = {isa = PBXBuildFile; fileRef = B9BF953718FCE63000908B08 /* TwitterContributeTests.m */; };
		B9BF954318FD225B00908B08 /* LoginViewController.m in Sources */ = {isa = PBXBuildFile; fileRef = B9BF954218FD225B00908B08 /* LoginViewController.m */; };
		B9BF954618FD226C00908B08 /* TimeLineViewController.m in Sources */ = {isa = PBXBuildFile; fileRef = B9BF954518FD226C00908B08 /* TimeLineViewController.m */; };
		B9BF954918FD227B00908B08 /* SubTwitterViewController.m in Sources */ = {isa = PBXBuildFile; fileRef = B9BF954818FD227B00908B08 /* SubTwitterViewController.m */; };
		B9BF954C18FD228B00908B08 /* SettingViewController.m in Sources */ = {isa = PBXBuildFile; fileRef = B9BF954B18FD228B00908B08 /* SettingViewController.m */; };
		B9BF954F18FD30A300908B08 /* TimeLineInfoViewController.m in Sources */ = {isa = PBXBuildFile; fileRef = B9BF954E18FD30A300908B08 /* TimeLineInfoViewController.m */; };
/* End PBXBuildFile section */

/* Begin PBXContainerItemProxy section */
		B9BF952F18FCE63000908B08 /* PBXContainerItemProxy */ = {
			isa = PBXContainerItemProxy;
			containerPortal = B9BF950118FCE63000908B08 /* Project object */;
			proxyType = 1;
			remoteGlobalIDString = B9BF950818FCE63000908B08;
			remoteInfo = TwitterContribute;
		};
/* End PBXContainerItemProxy section */

/* Begin PBXFileReference section */
		B9117A901900D78100102D5B /* SelectAccountViewController.h */ = {isa = PBXFileReference; fileEncoding = 4; lastKnownFileType = sourcecode.c.h; path = SelectAccountViewController.h; sourceTree = "<group>"; };
		B9117A911900D78100102D5B /* SelectAccountViewController.m */ = {isa = PBXFileReference; fileEncoding = 4; lastKnownFileType = sourcecode.c.objc; path = SelectAccountViewController.m; sourceTree = "<group>"; };
		B9117A931900D79500102D5B /* AddAccountViewController.h */ = {isa = PBXFileReference; fileEncoding = 4; lastKnownFileType = sourcecode.c.h; path = AddAccountViewController.h; sourceTree = "<group>"; };
		B9117A941900D79500102D5B /* AddAccountViewController.m */ = {isa = PBXFileReference; fileEncoding = 4; lastKnownFileType = sourcecode.c.objc; path = AddAccountViewController.m; sourceTree = "<group>"; };
		B9117A961901253C00102D5B /* new.png */ = {isa = PBXFileReference; lastKnownFileType = image.png; path = new.png; sourceTree = "<group>"; };
		B995062518FE28C30089B007 /* right.png */ = {isa = PBXFileReference; lastKnownFileType = image.png; path = right.png; sourceTree = "<group>"; };
		B995062718FE2FBF0089B007 /* UseMethodViewController.h */ = {isa = PBXFileReference; fileEncoding = 4; lastKnownFileType = sourcecode.c.h; path = UseMethodViewController.h; sourceTree = "<group>"; };
		B995062818FE2FBF0089B007 /* UseMethodViewController.m */ = {isa = PBXFileReference; fileEncoding = 4; lastKnownFileType = sourcecode.c.objc; path = UseMethodViewController.m; sourceTree = "<group>"; };
		B995063318FE729C0089B007 /* TimelineInfo.h */ = {isa = PBXFileReference; fileEncoding = 4; lastKnownFileType = sourcecode.c.h; path = TimelineInfo.h; sourceTree = "<group>"; };
		B995063418FE729C0089B007 /* TimelineInfo.m */ = {isa = PBXFileReference; fileEncoding = 4; lastKnownFileType = sourcecode.c.objc; path = TimelineInfo.m; sourceTree = "<group>"; };
		B995063618FE72D50089B007 /* TCDataManager.h */ = {isa = PBXFileReference; fileEncoding = 4; lastKnownFileType = sourcecode.c.h; path = TCDataManager.h; sourceTree = "<group>"; };
		B995063718FE72D50089B007 /* TCDataManager.m */ = {isa = PBXFileReference; fileEncoding = 4; lastKnownFileType = sourcecode.c.objc; path = TCDataManager.m; sourceTree = "<group>"; };
		B9BF950918FCE63000908B08 /* TwitterContribute.app */ = {isa = PBXFileReference; explicitFileType = wrapper.application; includeInIndex = 0; path = TwitterContribute.app; sourceTree = BUILT_PRODUCTS_DIR; };
		B9BF950C18FCE63000908B08 /* Foundation.framework */ = {isa = PBXFileReference; lastKnownFileType = wrapper.framework; name = Foundation.framework; path = System/Library/Frameworks/Foundation.framework; sourceTree = SDKROOT; };
		B9BF950E18FCE63000908B08 /* CoreGraphics.framework */ = {isa = PBXFileReference; lastKnownFileType = wrapper.framework; name = CoreGraphics.framework; path = System/Library/Frameworks/CoreGraphics.framework; sourceTree = SDKROOT; };
		B9BF951018FCE63000908B08 /* UIKit.framework */ = {isa = PBXFileReference; lastKnownFileType = wrapper.framework; name = UIKit.framework; path = System/Library/Frameworks/UIKit.framework; sourceTree = SDKROOT; };
		B9BF951418FCE63000908B08 /* TwitterContribute-Info.plist */ = {isa = PBXFileReference; lastKnownFileType = text.plist.xml; path = "TwitterContribute-Info.plist"; sourceTree = "<group>"; };
		B9BF951618FCE63000908B08 /* en */ = {isa = PBXFileReference; lastKnownFileType = text.plist.strings; name = en; path = en.lproj/InfoPlist.strings; sourceTree = "<group>"; };
		B9BF951818FCE63000908B08 /* main.m */ = {isa = PBXFileReference; lastKnownFileType = sourcecode.c.objc; path = main.m; sourceTree = "<group>"; };
		B9BF951A18FCE63000908B08 /* TwitterContribute-Prefix.pch */ = {isa = PBXFileReference; lastKnownFileType = sourcecode.c.h; path = "TwitterContribute-Prefix.pch"; sourceTree = "<group>"; };
		B9BF951B18FCE63000908B08 /* AppDelegate.h */ = {isa = PBXFileReference; lastKnownFileType = sourcecode.c.h; path = AppDelegate.h; sourceTree = "<group>"; };
		B9BF951C18FCE63000908B08 /* AppDelegate.m */ = {isa = PBXFileReference; lastKnownFileType = sourcecode.c.objc; path = AppDelegate.m; sourceTree = "<group>"; };
		B9BF951F18FCE63000908B08 /* Base */ = {isa = PBXFileReference; lastKnownFileType = file.storyboard; name = Base; path = Base.lproj/Main.storyboard; sourceTree = "<group>"; };
		B9BF952418FCE63000908B08 /* Images.xcassets */ = {isa = PBXFileReference; lastKnownFileType = folder.assetcatalog; path = Images.xcassets; sourceTree = "<group>"; };
		B9BF952A18FCE63000908B08 /* TwitterContributeTests.xctest */ = {isa = PBXFileReference; explicitFileType = wrapper.cfbundle; includeInIndex = 0; path = TwitterContributeTests.xctest; sourceTree = BUILT_PRODUCTS_DIR; };
		B9BF952B18FCE63000908B08 /* XCTest.framework */ = {isa = PBXFileReference; lastKnownFileType = wrapper.framework; name = XCTest.framework; path = Library/Frameworks/XCTest.framework; sourceTree = DEVELOPER_DIR; };
		B9BF953318FCE63000908B08 /* TwitterContributeTests-Info.plist */ = {isa = PBXFileReference; lastKnownFileType = text.plist.xml; path = "TwitterContributeTests-Info.plist"; sourceTree = "<group>"; };
		B9BF953518FCE63000908B08 /* en */ = {isa = PBXFileReference; lastKnownFileType = text.plist.strings; name = en; path = en.lproj/InfoPlist.strings; sourceTree = "<group>"; };
		B9BF953718FCE63000908B08 /* TwitterContributeTests.m */ = {isa = PBXFileReference; lastKnownFileType = sourcecode.c.objc; path = TwitterContributeTests.m; sourceTree = "<group>"; };
		B9BF954118FD225B00908B08 /* LoginViewController.h */ = {isa = PBXFileReference; fileEncoding = 4; lastKnownFileType = sourcecode.c.h; path = LoginViewController.h; sourceTree = "<group>"; };
		B9BF954218FD225B00908B08 /* LoginViewController.m */ = {isa = PBXFileReference; fileEncoding = 4; lastKnownFileType = sourcecode.c.objc; path = LoginViewController.m; sourceTree = "<group>"; };
		B9BF954418FD226C00908B08 /* TimeLineViewController.h */ = {isa = PBXFileReference; fileEncoding = 4; lastKnownFileType = sourcecode.c.h; path = TimeLineViewController.h; sourceTree = "<group>"; };
		B9BF954518FD226C00908B08 /* TimeLineViewController.m */ = {isa = PBXFileReference; fileEncoding = 4; lastKnownFileType = sourcecode.c.objc; path = TimeLineViewController.m; sourceTree = "<group>"; };
		B9BF954718FD227B00908B08 /* SubTwitterViewController.h */ = {isa = PBXFileReference; fileEncoding = 4; lastKnownFileType = sourcecode.c.h; path = SubTwitterViewController.h; sourceTree = "<group>"; };
		B9BF954818FD227B00908B08 /* SubTwitterViewController.m */ = {isa = PBXFileReference; fileEncoding = 4; lastKnownFileType = sourcecode.c.objc; path = SubTwitterViewController.m; sourceTree = "<group>"; };
		B9BF954A18FD228B00908B08 /* SettingViewController.h */ = {isa = PBXFileReference; fileEncoding = 4; lastKnownFileType = sourcecode.c.h; path = SettingViewController.h; sourceTree = "<group>"; };
		B9BF954B18FD228B00908B08 /* SettingViewController.m */ = {isa = PBXFileReference; fileEncoding = 4; lastKnownFileType = sourcecode.c.objc; path = SettingViewController.m; sourceTree = "<group>"; };
		B9BF954D18FD30A200908B08 /* TimeLineInfoViewController.h */ = {isa = PBXFileReference; fileEncoding = 4; lastKnownFileType = sourcecode.c.h; path = TimeLineInfoViewController.h; sourceTree = "<group>"; };
		B9BF954E18FD30A300908B08 /* TimeLineInfoViewController.m */ = {isa = PBXFileReference; fileEncoding = 4; lastKnownFileType = sourcecode.c.objc; path = TimeLineInfoViewController.m; sourceTree = "<group>"; };
/* End PBXFileReference section */

/* Begin PBXFrameworksBuildPhase section */
		B9BF950618FCE63000908B08 /* Frameworks */ = {
			isa = PBXFrameworksBuildPhase;
			buildActionMask = 2147483647;
			files = (
				B9BF950F18FCE63000908B08 /* CoreGraphics.framework in Frameworks */,
				B9BF951118FCE63000908B08 /* UIKit.framework in Frameworks */,
				B9BF950D18FCE63000908B08 /* Foundation.framework in Frameworks */,
			);
			runOnlyForDeploymentPostprocessing = 0;
		};
		B9BF952718FCE63000908B08 /* Frameworks */ = {
			isa = PBXFrameworksBuildPhase;
			buildActionMask = 2147483647;
			files = (
				B9BF952C18FCE63000908B08 /* XCTest.framework in Frameworks */,
				B9BF952E18FCE63000908B08 /* UIKit.framework in Frameworks */,
				B9BF952D18FCE63000908B08 /* Foundation.framework in Frameworks */,
			);
			runOnlyForDeploymentPostprocessing = 0;
		};
/* End PBXFrameworksBuildPhase section */

/* Begin PBXGroup section */
		B995062418FE28C30089B007 /* source */ = {
			isa = PBXGroup;
			children = (
				B995062518FE28C30089B007 /* right.png */,
				B9117A961901253C00102D5B /* new.png */,
			);
			path = source;
			sourceTree = "<group>";
		};
		B9BF950018FCE63000908B08 = {
			isa = PBXGroup;
			children = (
				B9BF951218FCE63000908B08 /* TwitterContribute */,
				B9BF953118FCE63000908B08 /* TwitterContributeTests */,
				B9BF950B18FCE63000908B08 /* Frameworks */,
				B9BF950A18FCE63000908B08 /* Products */,
			);
			sourceTree = "<group>";
		};
		B9BF950A18FCE63000908B08 /* Products */ = {
			isa = PBXGroup;
			children = (
				B9BF950918FCE63000908B08 /* TwitterContribute.app */,
				B9BF952A18FCE63000908B08 /* TwitterContributeTests.xctest */,
			);
			name = Products;
			sourceTree = "<group>";
		};
		B9BF950B18FCE63000908B08 /* Frameworks */ = {
			isa = PBXGroup;
			children = (
				B9BF950C18FCE63000908B08 /* Foundation.framework */,
				B9BF950E18FCE63000908B08 /* CoreGraphics.framework */,
				B9BF951018FCE63000908B08 /* UIKit.framework */,
				B9BF952B18FCE63000908B08 /* XCTest.framework */,
			);
			name = Frameworks;
			sourceTree = "<group>";
		};
		B9BF951218FCE63000908B08 /* TwitterContribute */ = {
			isa = PBXGroup;
			children = (
				B9BF951B18FCE63000908B08 /* AppDelegate.h */,
				B9BF951C18FCE63000908B08 /* AppDelegate.m */,
				B9BF951E18FCE63000908B08 /* Main.storyboard */,
				B9BF954118FD225B00908B08 /* LoginViewController.h */,
				B9BF954218FD225B00908B08 /* LoginViewController.m */,
				B995062718FE2FBF0089B007 /* UseMethodViewController.h */,
				B995062818FE2FBF0089B007 /* UseMethodViewController.m */,
				B9BF954418FD226C00908B08 /* TimeLineViewController.h */,
				B9BF954518FD226C00908B08 /* TimeLineViewController.m */,
				B9BF954D18FD30A200908B08 /* TimeLineInfoViewController.h */,
				B9BF954E18FD30A300908B08 /* TimeLineInfoViewController.m */,
				B9BF954718FD227B00908B08 /* SubTwitterViewController.h */,
				B9BF954818FD227B00908B08 /* SubTwitterViewController.m */,
				B9BF954A18FD228B00908B08 /* SettingViewController.h */,
				B9BF954B18FD228B00908B08 /* SettingViewController.m */,
				B9117A901900D78100102D5B /* SelectAccountViewController.h */,
				B9117A911900D78100102D5B /* SelectAccountViewController.m */,
				B9117A931900D79500102D5B /* AddAccountViewController.h */,
				B9117A941900D79500102D5B /* AddAccountViewController.m */,
				B995063318FE729C0089B007 /* TimelineInfo.h */,
				B995063418FE729C0089B007 /* TimelineInfo.m */,
				B995063618FE72D50089B007 /* TCDataManager.h */,
				B995063718FE72D50089B007 /* TCDataManager.m */,
				B995062418FE28C30089B007 /* source */,
				B9BF952418FCE63000908B08 /* Images.xcassets */,
				B9BF951318FCE63000908B08 /* Supporting Files */,
			);
			path = TwitterContribute;
			sourceTree = "<group>";
		};
		B9BF951318FCE63000908B08 /* Supporting Files */ = {
			isa = PBXGroup;
			children = (
				B9BF951418FCE63000908B08 /* TwitterContribute-Info.plist */,
				B9BF951518FCE63000908B08 /* InfoPlist.strings */,
				B9BF951818FCE63000908B08 /* main.m */,
				B9BF951A18FCE63000908B08 /* TwitterContribute-Prefix.pch */,
			);
			name = "Supporting Files";
			sourceTree = "<group>";
		};
		B9BF953118FCE63000908B08 /* TwitterContributeTests */ = {
			isa = PBXGroup;
			children = (
				B9BF953718FCE63000908B08 /* TwitterContributeTests.m */,
				B9BF953218FCE63000908B08 /* Supporting Files */,
			);
			path = TwitterContributeTests;
			sourceTree = "<group>";
		};
		B9BF953218FCE63000908B08 /* Supporting Files */ = {
			isa = PBXGroup;
			children = (
				B9BF953318FCE63000908B08 /* TwitterContributeTests-Info.plist */,
				B9BF953418FCE63000908B08 /* InfoPlist.strings */,
			);
			name = "Supporting Files";
			sourceTree = "<group>";
		};
/* End PBXGroup section */

/* Begin PBXNativeTarget section */
		B9BF950818FCE63000908B08 /* TwitterContribute */ = {
			isa = PBXNativeTarget;
			buildConfigurationList = B9BF953B18FCE63000908B08 /* Build configuration list for PBXNativeTarget "TwitterContribute" */;
			buildPhases = (
				B9BF950518FCE63000908B08 /* Sources */,
				B9BF950618FCE63000908B08 /* Frameworks */,
				B9BF950718FCE63000908B08 /* Resources */,
			);
			buildRules = (
			);
			dependencies = (
			);
			name = TwitterContribute;
			productName = TwitterContribute;
			productReference = B9BF950918FCE63000908B08 /* TwitterContribute.app */;
			productType = "com.apple.product-type.application";
		};
		B9BF952918FCE63000908B08 /* TwitterContributeTests */ = {
			isa = PBXNativeTarget;
			buildConfigurationList = B9BF953E18FCE63000908B08 /* Build configuration list for PBXNativeTarget "TwitterContributeTests" */;
			buildPhases = (
				B9BF952618FCE63000908B08 /* Sources */,
				B9BF952718FCE63000908B08 /* Frameworks */,
				B9BF952818FCE63000908B08 /* Resources */,
			);
			buildRules = (
			);
			dependencies = (
				B9BF953018FCE63000908B08 /* PBXTargetDependency */,
			);
			name = TwitterContributeTests;
			productName = TwitterContributeTests;
			productReference = B9BF952A18FCE63000908B08 /* TwitterContributeTests.xctest */;
			productType = "com.apple.product-type.bundle.unit-test";
		};
/* End PBXNativeTarget section */

/* Begin PBXProject section */
		B9BF950118FCE63000908B08 /* Project object */ = {
			isa = PBXProject;
			attributes = {
				LastUpgradeCheck = 0500;
				ORGANIZATIONNAME = sunming;
				TargetAttributes = {
					B9BF952918FCE63000908B08 = {
						TestTargetID = B9BF950818FCE63000908B08;
					};
				};
			};
			buildConfigurationList = B9BF950418FCE63000908B08 /* Build configuration list for PBXProject "TwitterContribute" */;
			compatibilityVersion = "Xcode 3.2";
			developmentRegion = English;
			hasScannedForEncodings = 0;
			knownRegions = (
				en,
				Base,
			);
			mainGroup = B9BF950018FCE63000908B08;
			productRefGroup = B9BF950A18FCE63000908B08 /* Products */;
			projectDirPath = "";
			projectRoot = "";
			targets = (
				B9BF950818FCE63000908B08 /* TwitterContribute */,
				B9BF952918FCE63000908B08 /* TwitterContributeTests */,
			);
		};
/* End PBXProject section */

/* Begin PBXResourcesBuildPhase section */
		B9BF950718FCE63000908B08 /* Resources */ = {
			isa = PBXResourcesBuildPhase;
			buildActionMask = 2147483647;
			files = (
				B9117A971901253C00102D5B /* new.png in Resources */,
				B9BF952518FCE63000908B08 /* Images.xcassets in Resources */,
				B9BF951718FCE63000908B08 /* InfoPlist.strings in Resources */,
				B995062618FE28C30089B007 /* right.png in Resources */,
				B9BF952018FCE63000908B08 /* Main.storyboard in Resources */,
			);
			runOnlyForDeploymentPostprocessing = 0;
		};
		B9BF952818FCE63000908B08 /* Resources */ = {
			isa = PBXResourcesBuildPhase;
			buildActionMask = 2147483647;
			files = (
				B9BF953618FCE63000908B08 /* InfoPlist.strings in Resources */,
			);
			runOnlyForDeploymentPostprocessing = 0;
		};
/* End PBXResourcesBuildPhase section */

/* Begin PBXSourcesBuildPhase section */
		B9BF950518FCE63000908B08 /* Sources */ = {
			isa = PBXSourcesBuildPhase;
			buildActionMask = 2147483647;
			files = (
				B995063818FE72D50089B007 /* TCDataManager.m in Sources */,
				B9BF951D18FCE63000908B08 /* AppDelegate.m in Sources */,
				B9117A921900D78100102D5B /* SelectAccountViewController.m in Sources */,
				B995062918FE2FBF0089B007 /* UseMethodViewController.m in Sources */,
				B995063518FE729C0089B007 /* TimelineInfo.m in Sources */,
				B9BF954618FD226C00908B08 /* TimeLineViewController.m in Sources */,
				B9117A951900D79500102D5B /* AddAccountViewController.m in Sources */,
				B9BF951918FCE63000908B08 /* main.m in Sources */,
				B9BF954318FD225B00908B08 /* LoginViewController.m in Sources */,
				B9BF954918FD227B00908B08 /* SubTwitterViewController.m in Sources */,
				B9BF954F18FD30A300908B08 /* TimeLineInfoViewController.m in Sources */,
				B9BF954C18FD228B00908B08 /* SettingViewController.m in Sources */,
			);
			runOnlyForDeploymentPostprocessing = 0;
		};
		B9BF952618FCE63000908B08 /* Sources */ = {
			isa = PBXSourcesBuildPhase;
			buildActionMask = 2147483647;
			files = (
				B9BF953818FCE63000908B08 /* TwitterContributeTests.m in Sources */,
			);
			runOnlyForDeploymentPostprocessing = 0;
		};
/* End PBXSourcesBuildPhase section */

/* Begin PBXTargetDependency section */
		B9BF953018FCE63000908B08 /* PBXTargetDependency */ = {
			isa = PBXTargetDependency;
			target = B9BF950818FCE63000908B08 /* TwitterContribute */;
			targetProxy = B9BF952F18FCE63000908B08 /* PBXContainerItemProxy */;
		};
/* End PBXTargetDependency section */

/* Begin PBXVariantGroup section */
		B9BF951518FCE63000908B08 /* InfoPlist.strings */ = {
			isa = PBXVariantGroup;
			children = (
				B9BF951618FCE63000908B08 /* en */,
			);
			name = InfoPlist.strings;
			sourceTree = "<group>";
		};
		B9BF951E18FCE63000908B08 /* Main.storyboard */ = {
			isa = PBXVariantGroup;
			children = (
				B9BF951F18FCE63000908B08 /* Base */,
			);
			name = Main.storyboard;
			sourceTree = "<group>";
		};
		B9BF953418FCE63000908B08 /* InfoPlist.strings */ = {
			isa = PBXVariantGroup;
			children = (
				B9BF953518FCE63000908B08 /* en */,
			);
			name = InfoPlist.strings;
			sourceTree = "<group>";
		};
/* End PBXVariantGroup section */

/* Begin XCBuildConfiguration section */
		B9BF953918FCE63000908B08 /* Debug */ = {
			isa = XCBuildConfiguration;
			buildSettings = {
				ALWAYS_SEARCH_USER_PATHS = NO;
				ARCHS = "$(ARCHS_STANDARD)";
				CLANG_CXX_LANGUAGE_STANDARD = "gnu++0x";
				CLANG_CXX_LIBRARY = "libc++";
				CLANG_ENABLE_MODULES = YES;
				CLANG_ENABLE_OBJC_ARC = YES;
				CLANG_WARN_BOOL_CONVERSION = YES;
				CLANG_WARN_CONSTANT_CONVERSION = YES;
				CLANG_WARN_DIRECT_OBJC_ISA_USAGE = YES_ERROR;
				CLANG_WARN_EMPTY_BODY = YES;
				CLANG_WARN_ENUM_CONVERSION = YES;
				CLANG_WARN_INT_CONVERSION = YES;
				CLANG_WARN_OBJC_ROOT_CLASS = YES_ERROR;
				CLANG_WARN__DUPLICATE_METHOD_MATCH = YES;
				"CODE_SIGN_IDENTITY[sdk=iphoneos*]" = "iPhone Developer";
				COPY_PHASE_STRIP = NO;
				GCC_C_LANGUAGE_STANDARD = gnu99;
				GCC_DYNAMIC_NO_PIC = NO;
				GCC_OPTIMIZATION_LEVEL = 0;
				GCC_PREPROCESSOR_DEFINITIONS = (
					"DEBUG=1",
					"$(inherited)",
				);
				GCC_SYMBOLS_PRIVATE_EXTERN = NO;
				GCC_WARN_64_TO_32_BIT_CONVERSION = YES;
				GCC_WARN_ABOUT_RETURN_TYPE = YES_ERROR;
				GCC_WARN_UNDECLARED_SELECTOR = YES;
				GCC_WARN_UNINITIALIZED_AUTOS = YES;
				GCC_WARN_UNUSED_FUNCTION = YES;
				GCC_WARN_UNUSED_VARIABLE = YES;
				IPHONEOS_DEPLOYMENT_TARGET = 6.0;
				ONLY_ACTIVE_ARCH = YES;
				SDKROOT = iphoneos;
				VALID_ARCHS = "armv7 armv7s";
			};
			name = Debug;
		};
		B9BF953A18FCE63000908B08 /* Release */ = {
			isa = XCBuildConfiguration;
			buildSettings = {
				ALWAYS_SEARCH_USER_PATHS = NO;
				ARCHS = "$(ARCHS_STANDARD)";
				CLANG_CXX_LANGUAGE_STANDARD = "gnu++0x";
				CLANG_CXX_LIBRARY = "libc++";
				CLANG_ENABLE_MODULES = YES;
				CLANG_ENABLE_OBJC_ARC = YES;
				CLANG_WARN_BOOL_CONVERSION = YES;
				CLANG_WARN_CONSTANT_CONVERSION = YES;
				CLANG_WARN_DIRECT_OBJC_ISA_USAGE = YES_ERROR;
				CLANG_WARN_EMPTY_BODY = YES;
				CLANG_WARN_ENUM_CONVERSION = YES;
				CLANG_WARN_INT_CONVERSION = YES;
				CLANG_WARN_OBJC_ROOT_CLASS = YES_ERROR;
				CLANG_WARN__DUPLICATE_METHOD_MATCH = YES;
				"CODE_SIGN_IDENTITY[sdk=iphoneos*]" = "iPhone Developer";
				COPY_PHASE_STRIP = YES;
				ENABLE_NS_ASSERTIONS = NO;
				GCC_C_LANGUAGE_STANDARD = gnu99;
				GCC_WARN_64_TO_32_BIT_CONVERSION = YES;
				GCC_WARN_ABOUT_RETURN_TYPE = YES_ERROR;
				GCC_WARN_UNDECLARED_SELECTOR = YES;
				GCC_WARN_UNINITIALIZED_AUTOS = YES;
				GCC_WARN_UNUSED_FUNCTION = YES;
				GCC_WARN_UNUSED_VARIABLE = YES;
				IPHONEOS_DEPLOYMENT_TARGET = 6.0;
				SDKROOT = iphoneos;
				VALIDATE_PRODUCT = YES;
				VALID_ARCHS = "armv7 armv7s";
			};
			name = Release;
		};
		B9BF953C18FCE63000908B08 /* Debug */ = {
			isa = XCBuildConfiguration;
			buildSettings = {
				ASSETCATALOG_COMPILER_APPICON_NAME = AppIcon;
				ASSETCATALOG_COMPILER_LAUNCHIMAGE_NAME = LaunchImage;
				CODE_SIGN_IDENTITY = "iPhone Distribution: Xie Zujie (D5JJ4C9YYB)";
				"CODE_SIGN_IDENTITY[sdk=iphoneos*]" = "iPhone Distribution: Xie Zujie (D5JJ4C9YYB)";
				GCC_PRECOMPILE_PREFIX_HEADER = YES;
				GCC_PREFIX_HEADER = "TwitterContribute/TwitterContribute-Prefix.pch";
				INFOPLIST_FILE = "TwitterContribute/TwitterContribute-Info.plist";
				PRODUCT_NAME = "$(TARGET_NAME)";
				PROVISIONING_PROFILE = "50FADA05-2957-4889-B6D8-4E44BDD7D90C";
				WRAPPER_EXTENSION = app;
			};
			name = Debug;
		};
		B9BF953D18FCE63000908B08 /* Release */ = {
			isa = XCBuildConfiguration;
			buildSettings = {
				ASSETCATALOG_COMPILER_APPICON_NAME = AppIcon;
				ASSETCATALOG_COMPILER_LAUNCHIMAGE_NAME = LaunchImage;
				CODE_SIGN_IDENTITY = "iPhone Distribution: Xie Zujie (D5JJ4C9YYB)";
				"CODE_SIGN_IDENTITY[sdk=iphoneos*]" = "iPhone Distribution: Xie Zujie (D5JJ4C9YYB)";
				GCC_PRECOMPILE_PREFIX_HEADER = YES;
				GCC_PREFIX_HEADER = "TwitterContribute/TwitterContribute-Prefix.pch";
				INFOPLIST_FILE = "TwitterContribute/TwitterContribute-Info.plist";
				PRODUCT_NAME = "$(TARGET_NAME)";
				PROVISIONING_PROFILE = "50FADA05-2957-4889-B6D8-4E44BDD7D90C";
				WRAPPER_EXTENSION = app;
			};
			name = Release;
		};
		B9BF953F18FCE63000908B08 /* Debug */ = {
			isa = XCBuildConfiguration;
			buildSettings = {
				ARCHS = "$(ARCHS_STANDARD_INCLUDING_64_BIT)";
				BUNDLE_LOADER = "$(BUILT_PRODUCTS_DIR)/TwitterContribute.app/TwitterContribute";
				FRAMEWORK_SEARCH_PATHS = (
					"$(SDKROOT)/Developer/Library/Frameworks",
					"$(inherited)",
					"$(DEVELOPER_FRAMEWORKS_DIR)",
				);
				GCC_PRECOMPILE_PREFIX_HEADER = YES;
				GCC_PREFIX_HEADER = "TwitterContribute/TwitterContribute-Prefix.pch";
				GCC_PREPROCESSOR_DEFINITIONS = (
					"DEBUG=1",
					"$(inherited)",
				);
				INFOPLIST_FILE = "TwitterContributeTests/TwitterContributeTests-Info.plist";
				PRODUCT_NAME = "$(TARGET_NAME)";
				TEST_HOST = "$(BUNDLE_LOADER)";
				WRAPPER_EXTENSION = xctest;
			};
			name = Debug;
		};
		B9BF954018FCE63000908B08 /* Release */ = {
			isa = XCBuildConfiguration;
			buildSettings = {
				ARCHS = "$(ARCHS_STANDARD_INCLUDING_64_BIT)";
				BUNDLE_LOADER = "$(BUILT_PRODUCTS_DIR)/TwitterContribute.app/TwitterContribute";
				FRAMEWORK_SEARCH_PATHS = (
					"$(SDKROOT)/Developer/Library/Frameworks",
					"$(inherited)",
					"$(DEVELOPER_FRAMEWORKS_DIR)",
				);
				GCC_PRECOMPILE_PREFIX_HEADER = YES;
				GCC_PREFIX_HEADER = "TwitterContribute/TwitterContribute-Prefix.pch";
				INFOPLIST_FILE = "TwitterContributeTests/TwitterContributeTests-Info.plist";
				PRODUCT_NAME = "$(TARGET_NAME)";
				TEST_HOST = "$(BUNDLE_LOADER)";
				WRAPPER_EXTENSION = xctest;
			};
			name = Release;
		};
/* End XCBuildConfiguration section */

/* Begin XCConfigurationList section */
		B9BF950418FCE63000908B08 /* Build configuration list for PBXProject "TwitterContribute" */ = {
			isa = XCConfigurationList;
			buildConfigurations = (
				B9BF953918FCE63000908B08 /* Debug */,
				B9BF953A18FCE63000908B08 /* Release */,
			);
			defaultConfigurationIsVisible = 0;
			defaultConfigurationName = Release;
		};
		B9BF953B18FCE63000908B08 /* Build configuration list for PBXNativeTarget "TwitterContribute" */ = {
			isa = XCConfigurationList;
			buildConfigurations = (
				B9BF953C18FCE63000908B08 /* Debug */,
				B9BF953D18FCE63000908B08 /* Release */,
			);
			defaultConfigurationIsVisible = 0;
			defaultConfigurationName = Release;
		};
		B9BF953E18FCE63000908B08 /* Build configuration list for PBXNativeTarget "TwitterContributeTests" */ = {
			isa = XCConfigurationList;
			buildConfigurations = (
				B9BF953F18FCE63000908B08 /* Debug */,
				B9BF954018FCE63000908B08 /* Release */,
			);
			defaultConfigurationIsVisible = 0;
			defaultConfigurationName = Release;
		};
/* End XCConfigurationList section */
	};
	rootObject = B9BF950118FCE63000908B08 /* Project object */;
}
